
Microsoft Visual Studio Solution File, Format Version 12.00
# Visual Studio Version 16
VisualStudioVersion = 16.0.29201.188
MinimumVisualStudioVersion = 10.0.40219.1
Project("{FAE04EC0-301F-11D3-BF4B-00C04F79EFBC}") = "ConsoleApp", "ConsoleApp\ConsoleApp.csproj", "{8F23328D-F6C4-45DC-B2C2-8EDCC5302298}"
EndProject
Project("{FAE04EC0-301F-11D3-BF4B-00C04F79EFBC}") = "DAL", "DAL\DAL.csproj", "{61EAE23A-38CE-4BBB-83B7-83EDDFFDC428}"
EndProject
Project("{FAE04EC0-301F-11D3-BF4B-00C04F79EFBC}") = "BL", "BL\BL.csproj", "{D3B1B890-CDDE-4F5E-8E79-D6F351F91825}"
EndProject
Global
	GlobalSection(SolutionConfigurationPlatforms) = preSolution
		Debug|Any CPU = Debug|Any CPU
		Release|Any CPU = Release|Any CPU
	EndGlobalSection
	GlobalSection(ProjectConfigurationPlatforms) = postSolution
		{8F23328D-F6C4-45DC-B2C2-8EDCC5302298}.Debug|Any CPU.ActiveCfg = Debug|Any CPU
		{8F23328D-F6C4-45DC-B2C2-8EDCC5302298}.Debug|Any CPU.Build.0 = Debug|Any CPU
		{8F23328D-F6C4-45DC-B2C2-8EDCC5302298}.Release|Any CPU.ActiveCfg = Release|Any CPU
		{8F23328D-F6C4-45DC-B2C2-8EDCC5302298}.Release|Any CPU.Build.0 = Release|Any CPU
		{61EAE23A-38CE-4BBB-83B7-83EDDFFDC428}.Debug|Any CPU.ActiveCfg = Debug|Any CPU
		{61EAE23A-38CE-4BBB-83B7-83EDDFFDC428}.Debug|Any CPU.Build.0 = Debug|Any CPU
		{61EAE23A-38CE-4BBB-83B7-83EDDFFDC428}.Release|Any CPU.ActiveCfg = Release|Any CPU
		{61EAE23A-38CE-4BBB-83B7-83EDDFFDC428}.Release|Any CPU.Build.0 = Release|Any CPU
		{D3B1B890-CDDE-4F5E-8E79-D6F351F91825}.Debug|Any CPU.ActiveCfg = Debug|Any CPU
		{D3B1B890-CDDE-4F5E-8E79-D6F351F91825}.Debug|Any CPU.Build.0 = Debug|Any CPU
		{D3B1B890-CDDE-4F5E-8E79-D6F351F91825}.Release|Any CPU.ActiveCfg = Release|Any CPU
		{D3B1B890-CDDE-4F5E-8E79-D6F351F91825}.Release|Any CPU.Build.0 = Release|Any CPU
	EndGlobalSection
	GlobalSection(SolutionProperties) = preSolution
		HideSolutionNode = FALSE
	EndGlobalSection
	GlobalSection(ExtensibilityGlobals) = postSolution
		SolutionGuid = {8E2E9CE5-FC31-4EE2-8BB7-8798CA481AE8}
	EndGlobalSection
EndGlobal
